
Microsoft Visual Studio Solution File, Format Version 12.00
# Visual Studio Version 17
VisualStudioVersion = 17.1.32228.430
MinimumVisualStudioVersion = 10.0.40219.1
Project("{FAE04EC0-301F-11D3-BF4B-00C04F79EFBC}") = "Klavis", "Klavis\Klavis.csproj", "{CACA15A0-1F94-4A72-AA89-F18316E73665}"
EndProject
Global
	GlobalSection(SolutionConfigurationPlatforms) = preSolution
		Debug|Any CPU = Debug|Any CPU
		Release|Any CPU = Release|Any CPU
	EndGlobalSection
	GlobalSection(ProjectConfigurationPlatforms) = postSolution
		{CACA15A0-1F94-4A72-AA89-F18316E73665}.Debug|Any CPU.ActiveCfg = Debug|Any CPU
		{CACA15A0-1F94-4A72-AA89-F18316E73665}.Debug|Any CPU.Build.0 = Debug|Any CPU
		{CACA15A0-1F94-4A72-AA89-F18316E73665}.Release|Any CPU.ActiveCfg = Release|Any CPU
		{CACA15A0-1F94-4A72-AA89-F18316E73665}.Release|Any CPU.Build.0 = Release|Any CPU
	EndGlobalSection
	GlobalSection(SolutionProperties) = preSolution
		HideSolutionNode = FALSE
	EndGlobalSection
	GlobalSection(ExtensibilityGlobals) = postSolution
		SolutionGuid = {CC9CEA6A-763D-47DA-86D3-71F5BEF41B65}
	EndGlobalSection
EndGlobal
