
Microsoft Visual Studio Solution File, Format Version 12.00
# Visual Studio Version 17
VisualStudioVersion = 17.0.31919.166
MinimumVisualStudioVersion = 10.0.40219.1
Project("{9A19103F-16F7-4668-BE54-9A1E7A4F7556}") = "Klavis", "Klavis\Klavis.csproj", "{8BD53718-9AAE-4295-866E-C11FD571C730}"
EndProject
Global
	GlobalSection(SolutionConfigurationPlatforms) = preSolution
		Debug|Any CPU = Debug|Any CPU
		Release|Any CPU = Release|Any CPU
	EndGlobalSection
	GlobalSection(ProjectConfigurationPlatforms) = postSolution
		{8BD53718-9AAE-4295-866E-C11FD571C730}.Debug|Any CPU.ActiveCfg = Debug|Any CPU
		{8BD53718-9AAE-4295-866E-C11FD571C730}.Debug|Any CPU.Build.0 = Debug|Any CPU
		{8BD53718-9AAE-4295-866E-C11FD571C730}.Release|Any CPU.ActiveCfg = Release|Any CPU
		{8BD53718-9AAE-4295-866E-C11FD571C730}.Release|Any CPU.Build.0 = Release|Any CPU
	EndGlobalSection
	GlobalSection(SolutionProperties) = preSolution
		HideSolutionNode = FALSE
	EndGlobalSection
	GlobalSection(ExtensibilityGlobals) = postSolution
		SolutionGuid = {B3BA5966-C033-4705-8B50-54D719267716}
	EndGlobalSection
EndGlobal
